
Microsoft Visual Studio Solution File, Format Version 12.00
# Visual Studio Version 17
VisualStudioVersion = 17.5.001.0
MinimumVisualStudioVersion = 10.0.40219.1
Project("{9A19103F-16F7-4668-BE54-9A1E7A4F7556}") = "RpgApi", "RpgApi.csproj", "{B912CAB3-CD86-4E82-B24E-3D9A755B3716}"
EndProject
Global
	GlobalSection(SolutionConfigurationPlatforms) = preSolution
		Debug|Any CPU = Debug|Any CPU
		Release|Any CPU = Release|Any CPU
	EndGlobalSection
	GlobalSection(ProjectConfigurationPlatforms) = postSolution
		{B912CAB3-CD86-4E82-B24E-3D9A755B3716}.Debug|Any CPU.ActiveCfg = Debug|Any CPU
		{B912CAB3-CD86-4E82-B24E-3D9A755B3716}.Debug|Any CPU.Build.0 = Debug|Any CPU
		{B912CAB3-CD86-4E82-B24E-3D9A755B3716}.Release|Any CPU.ActiveCfg = Release|Any CPU
		{B912CAB3-CD86-4E82-B24E-3D9A755B3716}.Release|Any CPU.Build.0 = Release|Any CPU
	EndGlobalSection
	GlobalSection(SolutionProperties) = preSolution
		HideSolutionNode = FALSE
	EndGlobalSection
	GlobalSection(ExtensibilityGlobals) = postSolution
		SolutionGuid = {CE235739-2397-4138-9057-D10828B1379A}
	EndGlobalSection
EndGlobal
